
Microsoft Visual Studio Solution File, Format Version 12.00
# Visual Studio Version 17
VisualStudioVersion = 17.0.32014.148
MinimumVisualStudioVersion = 10.0.40219.1
Project("{9A19103F-16F7-4668-BE54-9A1E7A4F7556}") = "NetCoreServer", "source\NetCoreServer\NetCoreServer.csproj", "{F338BFE3-6C55-4BB7-960D-0B2A81A011C3}"
EndProject
Global
	GlobalSection(SolutionConfigurationPlatforms) = preSolution
		Debug|Any CPU = Debug|Any CPU
		Debug|x64 = Debug|x64
		Release|Any CPU = Release|Any CPU
		Release|x64 = Release|x64
	EndGlobalSection
	GlobalSection(ProjectConfigurationPlatforms) = postSolution
		{F338BFE3-6C55-4BB7-960D-0B2A81A011C3}.Debug|Any CPU.ActiveCfg = Debug|Any CPU
		{F338BFE3-6C55-4BB7-960D-0B2A81A011C3}.Debug|Any CPU.Build.0 = Debug|Any CPU
		{F338BFE3-6C55-4BB7-960D-0B2A81A011C3}.Debug|x64.ActiveCfg = Debug|Any CPU
		{F338BFE3-6C55-4BB7-960D-0B2A81A011C3}.Debug|x64.Build.0 = Debug|Any CPU
		{F338BFE3-6C55-4BB7-960D-0B2A81A011C3}.Release|Any CPU.ActiveCfg = Release|Any CPU
		{F338BFE3-6C55-4BB7-960D-0B2A81A011C3}.Release|Any CPU.Build.0 = Release|Any CPU
		{F338BFE3-6C55-4BB7-960D-0B2A81A011C3}.Release|x64.ActiveCfg = Release|Any CPU
		{F338BFE3-6C55-4BB7-960D-0B2A81A011C3}.Release|x64.Build.0 = Release|Any CPU
		{AC03EE4C-F42A-40B4-83FB-16A5DA368947}.Debug|Any CPU.ActiveCfg = Debug|Any CPU
		{AC03EE4C-F42A-40B4-83FB-16A5DA368947}.Debug|Any CPU.Build.0 = Debug|Any CPU
		{AC03EE4C-F42A-40B4-83FB-16A5DA368947}.Release|Any CPU.ActiveCfg = Release|Any CPU
		{AC03EE4C-F42A-40B4-83FB-16A5DA368947}.Release|Any CPU.Build.0 = Release|Any CPU
		{AE084BD5-29FB-459F-A29E-40D0656005E2}.Debug|Any CPU.ActiveCfg = Debug|Any CPU
		{AE084BD5-29FB-459F-A29E-40D0656005E2}.Debug|Any CPU.Build.0 = Debug|Any CPU
		{AE084BD5-29FB-459F-A29E-40D0656005E2}.Release|Any CPU.ActiveCfg = Release|Any CPU
		{AE084BD5-29FB-459F-A29E-40D0656005E2}.Release|Any CPU.Build.0 = Release|Any CPU
		{33550E4B-BF56-4307-BA5E-C815D372010C}.Debug|Any CPU.ActiveCfg = Debug|Any CPU
		{33550E4B-BF56-4307-BA5E-C815D372010C}.Debug|Any CPU.Build.0 = Debug|Any CPU
		{33550E4B-BF56-4307-BA5E-C815D372010C}.Release|Any CPU.ActiveCfg = Release|Any CPU
		{33550E4B-BF56-4307-BA5E-C815D372010C}.Release|Any CPU.Build.0 = Release|Any CPU
		{2535575F-D98F-4398-BB3D-F7FA0CC2F9DB}.Debug|Any CPU.ActiveCfg = Debug|Any CPU
		{2535575F-D98F-4398-BB3D-F7FA0CC2F9DB}.Debug|Any CPU.Build.0 = Debug|Any CPU
		{2535575F-D98F-4398-BB3D-F7FA0CC2F9DB}.Release|Any CPU.ActiveCfg = Release|Any CPU
		{2535575F-D98F-4398-BB3D-F7FA0CC2F9DB}.Release|Any CPU.Build.0 = Release|Any CPU
		{A1EA2EF7-663C-48E0-9AEB-E3AF7F139839}.Debug|Any CPU.ActiveCfg = Debug|Any CPU
		{A1EA2EF7-663C-48E0-9AEB-E3AF7F139839}.Debug|Any CPU.Build.0 = Debug|Any CPU
		{A1EA2EF7-663C-48E0-9AEB-E3AF7F139839}.Release|Any CPU.ActiveCfg = Release|Any CPU
		{A1EA2EF7-663C-48E0-9AEB-E3AF7F139839}.Release|Any CPU.Build.0 = Release|Any CPU
		{580A09F4-D24A-408B-A75C-A4AF2B15AE02}.Debug|Any CPU.ActiveCfg = Debug|Any CPU
		{580A09F4-D24A-408B-A75C-A4AF2B15AE02}.Debug|Any CPU.Build.0 = Debug|Any CPU
		{580A09F4-D24A-408B-A75C-A4AF2B15AE02}.Release|Any CPU.ActiveCfg = Release|Any CPU
		{580A09F4-D24A-408B-A75C-A4AF2B15AE02}.Release|Any CPU.Build.0 = Release|Any CPU
		{9C37C898-6C8C-49D6-B06F-0A9B26F3FF7F}.Debug|Any CPU.ActiveCfg = Debug|Any CPU
		{9C37C898-6C8C-49D6-B06F-0A9B26F3FF7F}.Debug|Any CPU.Build.0 = Debug|Any CPU
		{9C37C898-6C8C-49D6-B06F-0A9B26F3FF7F}.Release|Any CPU.ActiveCfg = Release|Any CPU
		{9C37C898-6C8C-49D6-B06F-0A9B26F3FF7F}.Release|Any CPU.Build.0 = Release|Any CPU
		{08FAAF0A-5D41-45F7-A6D3-A0AB84E26B36}.Debug|Any CPU.ActiveCfg = Debug|Any CPU
		{08FAAF0A-5D41-45F7-A6D3-A0AB84E26B36}.Debug|Any CPU.Build.0 = Debug|Any CPU
		{08FAAF0A-5D41-45F7-A6D3-A0AB84E26B36}.Release|Any CPU.ActiveCfg = Release|Any CPU
		{08FAAF0A-5D41-45F7-A6D3-A0AB84E26B36}.Release|Any CPU.Build.0 = Release|Any CPU
		{08200780-1BD6-4E3C-8059-D28E614A1375}.Debug|Any CPU.ActiveCfg = Debug|Any CPU
		{08200780-1BD6-4E3C-8059-D28E614A1375}.Debug|Any CPU.Build.0 = Debug|Any CPU
		{08200780-1BD6-4E3C-8059-D28E614A1375}.Release|Any CPU.ActiveCfg = Release|Any CPU
		{08200780-1BD6-4E3C-8059-D28E614A1375}.Release|Any CPU.Build.0 = Release|Any CPU
		{A3AA15B3-FD4D-4CFA-989A-B9EE6F18E687}.Debug|Any CPU.ActiveCfg = Debug|Any CPU
		{A3AA15B3-FD4D-4CFA-989A-B9EE6F18E687}.Debug|Any CPU.Build.0 = Debug|Any CPU
		{A3AA15B3-FD4D-4CFA-989A-B9EE6F18E687}.Release|Any CPU.ActiveCfg = Release|Any CPU
		{A3AA15B3-FD4D-4CFA-989A-B9EE6F18E687}.Release|Any CPU.Build.0 = Release|Any CPU
		{8F357970-5559-4129-9129-BD085688DF98}.Debug|Any CPU.ActiveCfg = Debug|Any CPU
		{8F357970-5559-4129-9129-BD085688DF98}.Debug|Any CPU.Build.0 = Debug|Any CPU
		{8F357970-5559-4129-9129-BD085688DF98}.Release|Any CPU.ActiveCfg = Release|Any CPU
		{8F357970-5559-4129-9129-BD085688DF98}.Release|Any CPU.Build.0 = Release|Any CPU
		{148EF33E-8884-411D-8B3A-F75DFA96DCD9}.Debug|Any CPU.ActiveCfg = Debug|Any CPU
		{148EF33E-8884-411D-8B3A-F75DFA96DCD9}.Debug|Any CPU.Build.0 = Debug|Any CPU
		{148EF33E-8884-411D-8B3A-F75DFA96DCD9}.Release|Any CPU.ActiveCfg = Release|Any CPU
		{148EF33E-8884-411D-8B3A-F75DFA96DCD9}.Release|Any CPU.Build.0 = Release|Any CPU
		{B2AF0232-BBCF-4A4A-82E5-112F5279EE67}.Debug|Any CPU.ActiveCfg = Debug|Any CPU
		{B2AF0232-BBCF-4A4A-82E5-112F5279EE67}.Debug|Any CPU.Build.0 = Debug|Any CPU
		{B2AF0232-BBCF-4A4A-82E5-112F5279EE67}.Release|Any CPU.ActiveCfg = Release|Any CPU
		{B2AF0232-BBCF-4A4A-82E5-112F5279EE67}.Release|Any CPU.Build.0 = Release|Any CPU
		{A83EDDC0-414B-482D-BFF7-26AC70ED3FBB}.Debug|Any CPU.ActiveCfg = Debug|Any CPU
		{A83EDDC0-414B-482D-BFF7-26AC70ED3FBB}.Debug|Any CPU.Build.0 = Debug|Any CPU
		{A83EDDC0-414B-482D-BFF7-26AC70ED3FBB}.Release|Any CPU.ActiveCfg = Release|Any CPU
		{A83EDDC0-414B-482D-BFF7-26AC70ED3FBB}.Release|Any CPU.Build.0 = Release|Any CPU
		{9B9383BA-57B1-4B69-81F5-7F3FA7ECF6C8}.Debug|Any CPU.ActiveCfg = Debug|Any CPU
		{9B9383BA-57B1-4B69-81F5-7F3FA7ECF6C8}.Debug|Any CPU.Build.0 = Debug|Any CPU
		{9B9383BA-57B1-4B69-81F5-7F3FA7ECF6C8}.Release|Any CPU.ActiveCfg = Release|Any CPU
		{9B9383BA-57B1-4B69-81F5-7F3FA7ECF6C8}.Release|Any CPU.Build.0 = Release|Any CPU
		{A091E592-950E-438B-87B2-ABBD0F7812F0}.Debug|Any CPU.ActiveCfg = Debug|Any CPU
		{A091E592-950E-438B-87B2-ABBD0F7812F0}.Debug|Any CPU.Build.0 = Debug|Any CPU
		{A091E592-950E-438B-87B2-ABBD0F7812F0}.Release|Any CPU.ActiveCfg = Release|Any CPU
		{A091E592-950E-438B-87B2-ABBD0F7812F0}.Release|Any CPU.Build.0 = Release|Any CPU
		{E9668313-F7DD-48AD-9BC2-1E015DB238E1}.Debug|Any CPU.ActiveCfg = Debug|Any CPU
		{E9668313-F7DD-48AD-9BC2-1E015DB238E1}.Debug|Any CPU.Build.0 = Debug|Any CPU
		{E9668313-F7DD-48AD-9BC2-1E015DB238E1}.Release|Any CPU.ActiveCfg = Release|Any CPU
		{E9668313-F7DD-48AD-9BC2-1E015DB238E1}.Release|Any CPU.Build.0 = Release|Any CPU
		{660B55DA-E6F1-436A-9EA6-E80B498B0A65}.Debug|Any CPU.ActiveCfg = Debug|Any CPU
		{660B55DA-E6F1-436A-9EA6-E80B498B0A65}.Debug|Any CPU.Build.0 = Debug|Any CPU
		{660B55DA-E6F1-436A-9EA6-E80B498B0A65}.Release|Any CPU.ActiveCfg = Release|Any CPU
		{660B55DA-E6F1-436A-9EA6-E80B498B0A65}.Release|Any CPU.Build.0 = Release|Any CPU
		{2028D7FF-922C-42B1-98A3-FEA0250CCDDC}.Debug|Any CPU.ActiveCfg = Debug|Any CPU
		{2028D7FF-922C-42B1-98A3-FEA0250CCDDC}.Debug|Any CPU.Build.0 = Debug|Any CPU
		{2028D7FF-922C-42B1-98A3-FEA0250CCDDC}.Release|Any CPU.ActiveCfg = Release|Any CPU
		{2028D7FF-922C-42B1-98A3-FEA0250CCDDC}.Release|Any CPU.Build.0 = Release|Any CPU
		{9686ECB4-BBB7-43B1-BDAF-8660676C2944}.Debug|Any CPU.ActiveCfg = Debug|Any CPU
		{9686ECB4-BBB7-43B1-BDAF-8660676C2944}.Debug|Any CPU.Build.0 = Debug|Any CPU
		{9686ECB4-BBB7-43B1-BDAF-8660676C2944}.Release|Any CPU.ActiveCfg = Release|Any CPU
		{9686ECB4-BBB7-43B1-BDAF-8660676C2944}.Release|Any CPU.Build.0 = Release|Any CPU
		{1BCD5345-E960-4421-90C8-ECCECB7B7D78}.Debug|Any CPU.ActiveCfg = Debug|Any CPU
		{1BCD5345-E960-4421-90C8-ECCECB7B7D78}.Debug|Any CPU.Build.0 = Debug|Any CPU
		{1BCD5345-E960-4421-90C8-ECCECB7B7D78}.Release|Any CPU.ActiveCfg = Release|Any CPU
		{1BCD5345-E960-4421-90C8-ECCECB7B7D78}.Release|Any CPU.Build.0 = Release|Any CPU
		{78C263FB-2CBC-42E5-83D7-460FF567B323}.Debug|Any CPU.ActiveCfg = Debug|Any CPU
		{78C263FB-2CBC-42E5-83D7-460FF567B323}.Debug|Any CPU.Build.0 = Debug|Any CPU
		{78C263FB-2CBC-42E5-83D7-460FF567B323}.Release|Any CPU.ActiveCfg = Release|Any CPU
		{78C263FB-2CBC-42E5-83D7-460FF567B323}.Release|Any CPU.Build.0 = Release|Any CPU
		{6E87BDF3-DE47-4C3B-B491-F4059CF83B90}.Debug|Any CPU.ActiveCfg = Debug|Any CPU
		{6E87BDF3-DE47-4C3B-B491-F4059CF83B90}.Debug|Any CPU.Build.0 = Debug|Any CPU
		{6E87BDF3-DE47-4C3B-B491-F4059CF83B90}.Release|Any CPU.ActiveCfg = Release|Any CPU
		{6E87BDF3-DE47-4C3B-B491-F4059CF83B90}.Release|Any CPU.Build.0 = Release|Any CPU
		{9DF15D8F-6613-472A-A794-960281C524EC}.Debug|Any CPU.ActiveCfg = Debug|Any CPU
		{9DF15D8F-6613-472A-A794-960281C524EC}.Debug|Any CPU.Build.0 = Debug|Any CPU
		{9DF15D8F-6613-472A-A794-960281C524EC}.Release|Any CPU.ActiveCfg = Release|Any CPU
		{9DF15D8F-6613-472A-A794-960281C524EC}.Release|Any CPU.Build.0 = Release|Any CPU
		{A721C08D-C101-4B5E-8B99-04BA3F2B9601}.Debug|Any CPU.ActiveCfg = Debug|Any CPU
		{A721C08D-C101-4B5E-8B99-04BA3F2B9601}.Debug|Any CPU.Build.0 = Debug|Any CPU
		{A721C08D-C101-4B5E-8B99-04BA3F2B9601}.Release|Any CPU.ActiveCfg = Release|Any CPU
		{A721C08D-C101-4B5E-8B99-04BA3F2B9601}.Release|Any CPU.Build.0 = Release|Any CPU
		{6FF8E03C-9E6E-475B-8454-3EB77A8DBB32}.Debug|Any CPU.ActiveCfg = Debug|Any CPU
		{6FF8E03C-9E6E-475B-8454-3EB77A8DBB32}.Debug|Any CPU.Build.0 = Debug|Any CPU
		{6FF8E03C-9E6E-475B-8454-3EB77A8DBB32}.Release|Any CPU.ActiveCfg = Release|Any CPU
		{6FF8E03C-9E6E-475B-8454-3EB77A8DBB32}.Release|Any CPU.Build.0 = Release|Any CPU
		{E9995C1C-E565-43E5-8EB1-1C03F1A904ED}.Debug|Any CPU.ActiveCfg = Debug|Any CPU
		{E9995C1C-E565-43E5-8EB1-1C03F1A904ED}.Debug|Any CPU.Build.0 = Debug|Any CPU
		{E9995C1C-E565-43E5-8EB1-1C03F1A904ED}.Release|Any CPU.ActiveCfg = Release|Any CPU
		{E9995C1C-E565-43E5-8EB1-1C03F1A904ED}.Release|Any CPU.Build.0 = Release|Any CPU
		{CF03A83F-3A27-4785-9293-B4BFB341181B}.Debug|Any CPU.ActiveCfg = Debug|Any CPU
		{CF03A83F-3A27-4785-9293-B4BFB341181B}.Debug|Any CPU.Build.0 = Debug|Any CPU
		{CF03A83F-3A27-4785-9293-B4BFB341181B}.Release|Any CPU.ActiveCfg = Release|Any CPU
		{CF03A83F-3A27-4785-9293-B4BFB341181B}.Release|Any CPU.Build.0 = Release|Any CPU
		{A8180E2B-E78F-47CF-A34D-F9B427E1514F}.Debug|Any CPU.ActiveCfg = Debug|Any CPU
		{A8180E2B-E78F-47CF-A34D-F9B427E1514F}.Debug|Any CPU.Build.0 = Debug|Any CPU
		{A8180E2B-E78F-47CF-A34D-F9B427E1514F}.Release|Any CPU.ActiveCfg = Release|Any CPU
		{A8180E2B-E78F-47CF-A34D-F9B427E1514F}.Release|Any CPU.Build.0 = Release|Any CPU
		{AEFCA8EE-0280-43AD-97F4-29D9649FF46C}.Debug|Any CPU.ActiveCfg = Debug|Any CPU
		{AEFCA8EE-0280-43AD-97F4-29D9649FF46C}.Debug|Any CPU.Build.0 = Debug|Any CPU
		{AEFCA8EE-0280-43AD-97F4-29D9649FF46C}.Release|Any CPU.ActiveCfg = Release|Any CPU
		{AEFCA8EE-0280-43AD-97F4-29D9649FF46C}.Release|Any CPU.Build.0 = Release|Any CPU
		{B15CF132-2832-4AE8-816C-4B6F100139FE}.Debug|Any CPU.ActiveCfg = Debug|Any CPU
		{B15CF132-2832-4AE8-816C-4B6F100139FE}.Debug|Any CPU.Build.0 = Debug|Any CPU
		{B15CF132-2832-4AE8-816C-4B6F100139FE}.Release|Any CPU.ActiveCfg = Release|Any CPU
		{B15CF132-2832-4AE8-816C-4B6F100139FE}.Release|Any CPU.Build.0 = Release|Any CPU
		{6FDD316C-2A28-4AFF-B568-CECE2719700F}.Debug|Any CPU.ActiveCfg = Debug|Any CPU
		{6FDD316C-2A28-4AFF-B568-CECE2719700F}.Debug|Any CPU.Build.0 = Debug|Any CPU
		{6FDD316C-2A28-4AFF-B568-CECE2719700F}.Release|Any CPU.ActiveCfg = Release|Any CPU
		{6FDD316C-2A28-4AFF-B568-CECE2719700F}.Release|Any CPU.Build.0 = Release|Any CPU
		{D85FF2F0-05D5-4E66-A469-CCC3C607F1A2}.Debug|Any CPU.ActiveCfg = Debug|Any CPU
		{D85FF2F0-05D5-4E66-A469-CCC3C607F1A2}.Debug|Any CPU.Build.0 = Debug|Any CPU
		{D85FF2F0-05D5-4E66-A469-CCC3C607F1A2}.Release|Any CPU.ActiveCfg = Release|Any CPU
		{D85FF2F0-05D5-4E66-A469-CCC3C607F1A2}.Release|Any CPU.Build.0 = Release|Any CPU
		{D9D0D997-1047-4946-AFC3-CFBF18853D5F}.Debug|Any CPU.ActiveCfg = Debug|Any CPU
		{D9D0D997-1047-4946-AFC3-CFBF18853D5F}.Debug|Any CPU.Build.0 = Debug|Any CPU
		{D9D0D997-1047-4946-AFC3-CFBF18853D5F}.Release|Any CPU.ActiveCfg = Release|Any CPU
		{D9D0D997-1047-4946-AFC3-CFBF18853D5F}.Release|Any CPU.Build.0 = Release|Any CPU
		{279DD702-BCAA-47B3-A3B5-E31C229A9A3C}.Debug|Any CPU.ActiveCfg = Debug|Any CPU
		{279DD702-BCAA-47B3-A3B5-E31C229A9A3C}.Debug|Any CPU.Build.0 = Debug|Any CPU
		{279DD702-BCAA-47B3-A3B5-E31C229A9A3C}.Release|Any CPU.ActiveCfg = Release|Any CPU
		{279DD702-BCAA-47B3-A3B5-E31C229A9A3C}.Release|Any CPU.Build.0 = Release|Any CPU
		{62D5CF83-851F-4556-8B5B-A0AEB2B91D75}.Debug|Any CPU.ActiveCfg = Debug|Any CPU
		{62D5CF83-851F-4556-8B5B-A0AEB2B91D75}.Debug|Any CPU.Build.0 = Debug|Any CPU
		{62D5CF83-851F-4556-8B5B-A0AEB2B91D75}.Release|Any CPU.ActiveCfg = Release|Any CPU
		{62D5CF83-851F-4556-8B5B-A0AEB2B91D75}.Release|Any CPU.Build.0 = Release|Any CPU
		{64F60375-39B0-41FB-826C-7708C3347DF2}.Debug|Any CPU.ActiveCfg = Debug|Any CPU
		{64F60375-39B0-41FB-826C-7708C3347DF2}.Debug|Any CPU.Build.0 = Debug|Any CPU
		{64F60375-39B0-41FB-826C-7708C3347DF2}.Release|Any CPU.ActiveCfg = Release|Any CPU
		{64F60375-39B0-41FB-826C-7708C3347DF2}.Release|Any CPU.Build.0 = Release|Any CPU
		{572FD29B-CA98-4901-A4CC-42E6780F1A1F}.Debug|Any CPU.ActiveCfg = Debug|Any CPU
		{572FD29B-CA98-4901-A4CC-42E6780F1A1F}.Debug|Any CPU.Build.0 = Debug|Any CPU
		{572FD29B-CA98-4901-A4CC-42E6780F1A1F}.Release|Any CPU.ActiveCfg = Release|Any CPU
		{572FD29B-CA98-4901-A4CC-42E6780F1A1F}.Release|Any CPU.Build.0 = Release|Any CPU
		{135A82CB-25DE-4EC6-BC0B-2C0F33BEFBEB}.Debug|Any CPU.ActiveCfg = Debug|Any CPU
		{135A82CB-25DE-4EC6-BC0B-2C0F33BEFBEB}.Debug|Any CPU.Build.0 = Debug|Any CPU
		{135A82CB-25DE-4EC6-BC0B-2C0F33BEFBEB}.Release|Any CPU.ActiveCfg = Release|Any CPU
		{135A82CB-25DE-4EC6-BC0B-2C0F33BEFBEB}.Release|Any CPU.Build.0 = Release|Any CPU
		{CA965D6F-FC0C-4D6F-B259-A6072E32DDD1}.Debug|Any CPU.ActiveCfg = Debug|Any CPU
		{CA965D6F-FC0C-4D6F-B259-A6072E32DDD1}.Debug|Any CPU.Build.0 = Debug|Any CPU
		{CA965D6F-FC0C-4D6F-B259-A6072E32DDD1}.Release|Any CPU.ActiveCfg = Release|Any CPU
		{CA965D6F-FC0C-4D6F-B259-A6072E32DDD1}.Release|Any CPU.Build.0 = Release|Any CPU
		{20E95322-2F84-4147-8014-E50312D86CE5}.Debug|Any CPU.ActiveCfg = Debug|Any CPU
		{20E95322-2F84-4147-8014-E50312D86CE5}.Debug|Any CPU.Build.0 = Debug|Any CPU
		{20E95322-2F84-4147-8014-E50312D86CE5}.Release|Any CPU.ActiveCfg = Release|Any CPU
		{20E95322-2F84-4147-8014-E50312D86CE5}.Release|Any CPU.Build.0 = Release|Any CPU
		{7ED276AD-8EF0-44A5-87B6-60AAA822C5FF}.Debug|Any CPU.ActiveCfg = Debug|Any CPU
		{7ED276AD-8EF0-44A5-87B6-60AAA822C5FF}.Debug|Any CPU.Build.0 = Debug|Any CPU
		{7ED276AD-8EF0-44A5-87B6-60AAA822C5FF}.Release|Any CPU.ActiveCfg = Release|Any CPU
		{7ED276AD-8EF0-44A5-87B6-60AAA822C5FF}.Release|Any CPU.Build.0 = Release|Any CPU
		{F69349F3-47EE-4C82-B714-83E9B6E931CC}.Debug|Any CPU.ActiveCfg = Debug|Any CPU
		{F69349F3-47EE-4C82-B714-83E9B6E931CC}.Debug|Any CPU.Build.0 = Debug|Any CPU
		{F69349F3-47EE-4C82-B714-83E9B6E931CC}.Release|Any CPU.ActiveCfg = Release|Any CPU
		{F69349F3-47EE-4C82-B714-83E9B6E931CC}.Release|Any CPU.Build.0 = Release|Any CPU
		{CA20DA7E-5E5E-4495-9F02-6D5D18558C77}.Debug|Any CPU.ActiveCfg = Debug|Any CPU
		{CA20DA7E-5E5E-4495-9F02-6D5D18558C77}.Debug|Any CPU.Build.0 = Debug|Any CPU
		{CA20DA7E-5E5E-4495-9F02-6D5D18558C77}.Release|Any CPU.ActiveCfg = Release|Any CPU
		{CA20DA7E-5E5E-4495-9F02-6D5D18558C77}.Release|Any CPU.Build.0 = Release|Any CPU
		{13567A7F-923D-42C0-9451-A1821E087A69}.Debug|Any CPU.ActiveCfg = Debug|Any CPU
		{13567A7F-923D-42C0-9451-A1821E087A69}.Debug|Any CPU.Build.0 = Debug|Any CPU
		{13567A7F-923D-42C0-9451-A1821E087A69}.Release|Any CPU.ActiveCfg = Release|Any CPU
		{13567A7F-923D-42C0-9451-A1821E087A69}.Release|Any CPU.Build.0 = Release|Any CPU
		{B1D5EA8F-9A1E-4AD6-9C40-A6A5EFDDE044}.Debug|Any CPU.ActiveCfg = Debug|Any CPU
		{B1D5EA8F-9A1E-4AD6-9C40-A6A5EFDDE044}.Debug|Any CPU.Build.0 = Debug|Any CPU
		{B1D5EA8F-9A1E-4AD6-9C40-A6A5EFDDE044}.Release|Any CPU.ActiveCfg = Release|Any CPU
		{B1D5EA8F-9A1E-4AD6-9C40-A6A5EFDDE044}.Release|Any CPU.Build.0 = Release|Any CPU
		{80C95510-AF12-4CF0-8852-B21241F6C1F3}.Debug|Any CPU.ActiveCfg = Debug|Any CPU
		{80C95510-AF12-4CF0-8852-B21241F6C1F3}.Debug|Any CPU.Build.0 = Debug|Any CPU
		{80C95510-AF12-4CF0-8852-B21241F6C1F3}.Release|Any CPU.ActiveCfg = Release|Any CPU
		{80C95510-AF12-4CF0-8852-B21241F6C1F3}.Release|Any CPU.Build.0 = Release|Any CPU
		{0A31A021-B53C-4B1B-A408-A46ABC97C93F}.Debug|Any CPU.ActiveCfg = Debug|Any CPU
		{0A31A021-B53C-4B1B-A408-A46ABC97C93F}.Debug|Any CPU.Build.0 = Debug|Any CPU
		{0A31A021-B53C-4B1B-A408-A46ABC97C93F}.Release|Any CPU.ActiveCfg = Release|Any CPU
		{0A31A021-B53C-4B1B-A408-A46ABC97C93F}.Release|Any CPU.Build.0 = Release|Any CPU
		{6F0566A8-39A6-4910-BBE9-8F0B2CAEF50F}.Debug|Any CPU.ActiveCfg = Debug|Any CPU
		{6F0566A8-39A6-4910-BBE9-8F0B2CAEF50F}.Debug|Any CPU.Build.0 = Debug|Any CPU
		{6F0566A8-39A6-4910-BBE9-8F0B2CAEF50F}.Release|Any CPU.ActiveCfg = Release|Any CPU
		{6F0566A8-39A6-4910-BBE9-8F0B2CAEF50F}.Release|Any CPU.Build.0 = Release|Any CPU
		{8E48ACC4-F944-44BA-AEF7-3417D60160F3}.Debug|Any CPU.ActiveCfg = Debug|Any CPU
		{8E48ACC4-F944-44BA-AEF7-3417D60160F3}.Debug|Any CPU.Build.0 = Debug|Any CPU
		{8E48ACC4-F944-44BA-AEF7-3417D60160F3}.Release|Any CPU.ActiveCfg = Release|Any CPU
		{8E48ACC4-F944-44BA-AEF7-3417D60160F3}.Release|Any CPU.Build.0 = Release|Any CPU
		{FF5FC891-4B49-4D2C-9342-252BA4FB9F25}.Debug|Any CPU.ActiveCfg = Debug|Any CPU
		{FF5FC891-4B49-4D2C-9342-252BA4FB9F25}.Debug|Any CPU.Build.0 = Debug|Any CPU
		{FF5FC891-4B49-4D2C-9342-252BA4FB9F25}.Release|Any CPU.ActiveCfg = Release|Any CPU
		{FF5FC891-4B49-4D2C-9342-252BA4FB9F25}.Release|Any CPU.Build.0 = Release|Any CPU
		{CA22BAB3-2DF7-4DFE-AAD6-11A1ADDA17A4}.Debug|Any CPU.ActiveCfg = Debug|Any CPU
		{CA22BAB3-2DF7-4DFE-AAD6-11A1ADDA17A4}.Debug|Any CPU.Build.0 = Debug|Any CPU
		{CA22BAB3-2DF7-4DFE-AAD6-11A1ADDA17A4}.Release|Any CPU.ActiveCfg = Release|Any CPU
		{CA22BAB3-2DF7-4DFE-AAD6-11A1ADDA17A4}.Release|Any CPU.Build.0 = Release|Any CPU
	EndGlobalSection
	GlobalSection(SolutionProperties) = preSolution
		HideSolutionNode = FALSE
	EndGlobalSection
	GlobalSection(ExtensibilityGlobals) = postSolution
		SolutionGuid = {64415837-63D9-474E-A25C-EE91C9CA90C5}
	EndGlobalSection
EndGlobal
